// !$*UTF8*$!
{
	archiveVersion = 1;
	classes = {
	};
	objectVersion = 50;
	objects = {

/* Begin PBXBuildFile section */
		D196EF692782B78400CAC484 /* AppDelegate.swift in Sources */ = {isa = PBXBuildFile; fileRef = D196EF682782B78400CAC484 /* AppDelegate.swift */; };
		D196EF6B2782B78400CAC484 /* SceneDelegate.swift in Sources */ = {isa = PBXBuildFile; fileRef = D196EF6A2782B78400CAC484 /* SceneDelegate.swift */; };
		D196EF6D2782B78400CAC484 /* ViewController.swift in Sources */ = {isa = PBXBuildFile; fileRef = D196EF6C2782B78400CAC484 /* ViewController.swift */; };
		D196EF702782B78400CAC484 /* Main.storyboard in Resources */ = {isa = PBXBuildFile; fileRef = D196EF6E2782B78400CAC484 /* Main.storyboard */; };
		D196EF722782B78B00CAC484 /* Assets.xcassets in Resources */ = {isa = PBXBuildFile; fileRef = D196EF712782B78B00CAC484 /* Assets.xcassets */; };
		D196EF752782B78B00CAC484 /* LaunchScreen.storyboard in Resources */ = {isa = PBXBuildFile; fileRef = D196EF732782B78B00CAC484 /* LaunchScreen.storyboard */; };
		D196EF802782B78C00CAC484 /* PreworkTests.swift in Sources */ = {isa = PBXBuildFile; fileRef = D196EF7F2782B78C00CAC484 /* PreworkTests.swift */; };
		D196EF8B2782B78C00CAC484 /* PreworkUITests.swift in Sources */ = {isa = PBXBuildFile; fileRef = D196EF8A2782B78C00CAC484 /* PreworkUITests.swift */; };
/* End PBXBuildFile section */

/* Begin PBXContainerItemProxy section */
		D196EF7C2782B78C00CAC484 /* PBXContainerItemProxy */ = {
			isa = PBXContainerItemProxy;
			containerPortal = D196EF5D2782B78400CAC484 /* Project object */;
			proxyType = 1;
			remoteGlobalIDString = D196EF642782B78400CAC484;
			remoteInfo = Prework;
		};
		D196EF872782B78C00CAC484 /* PBXContainerItemProxy */ = {
			isa = PBXContainerItemProxy;
			containerPortal = D196EF5D2782B78400CAC484 /* Project object */;
			proxyType = 1;
			remoteGlobalIDString = D196EF642782B78400CAC484;
			remoteInfo = Prework;
		};
/* End PBXContainerItemProxy section */

/* Begin PBXFileReference section */
		D196EF652782B78400CAC484 /* Prework.app */ = {isa = PBXFileReference; explicitFileType = wrapper.application; includeInIndex = 0; path = Prework.app; sourceTree = BUILT_PRODUCTS_DIR; };
		D196EF682782B78400CAC484 /* AppDelegate.swift */ = {isa = PBXFileReference; lastKnownFileType = sourcecode.swift; path = AppDelegate.swift; sourceTree = "<group>"; };
		D196EF6A2782B78400CAC484 /* SceneDelegate.swift */ = {isa = PBXFileReference; lastKnownFileType = sourcecode.swift; path = SceneDelegate.swift; sourceTree = "<group>"; };
		D196EF6C2782B78400CAC484 /* ViewController.swift */ = {isa = PBXFileReference; lastKnownFileType = sourcecode.swift; path = ViewController.swift; sourceTree = "<group>"; };
		D196EF6F2782B78400CAC484 /* Base */ = {isa = PBXFileReference; lastKnownFileType = file.storyboard; name = Base; path = Base.lproj/Main.storyboard; sourceTree = "<group>"; };
		D196EF712782B78B00CAC484 /* Assets.xcassets */ = {isa = PBXFileReference; lastKnownFileType = folder.assetcatalog; path = Assets.xcassets; sourceTree = "<group>"; };
		D196EF742782B78B00CAC484 /* Base */ = {isa = PBXFileReference; lastKnownFileType = file.storyboard; name = Base; path = Base.lproj/LaunchScreen.storyboard; sourceTree = "<group>"; };
		D196EF762782B78B00CAC484 /* Info.plist */ = {isa = PBXFileReference; lastKnownFileType = text.plist.xml; path = Info.plist; sourceTree = "<group>"; };
		D196EF7B2782B78C00CAC484 /* PreworkTests.xctest */ = {isa = PBXFileReference; explicitFileType = wrapper.cfbundle; includeInIndex = 0; path = PreworkTests.xctest; sourceTree = BUILT_PRODUCTS_DIR; };
		D196EF7F2782B78C00CAC484 /* PreworkTests.swift */ = {isa = PBXFileReference; lastKnownFileType = sourcecode.swift; path = PreworkTests.swift; sourceTree = "<group>"; };
		D196EF812782B78C00CAC484 /* Info.plist */ = {isa = PBXFileReference; lastKnownFileType = text.plist.xml; path = Info.plist; sourceTree = "<group>"; };
		D196EF862782B78C00CAC484 /* PreworkUITests.xctest */ = {isa = PBXFileReference; explicitFileType = wrapper.cfbundle; includeInIndex = 0; path = PreworkUITests.xctest; sourceTree = BUILT_PRODUCTS_DIR; };
		D196EF8A2782B78C00CAC484 /* PreworkUITests.swift */ = {isa = PBXFileReference; lastKnownFileType = sourcecode.swift; path = PreworkUITests.swift; sourceTree = "<group>"; };
		D196EF8C2782B78C00CAC484 /* Info.plist */ = {isa = PBXFileReference; lastKnownFileType = text.plist.xml; path = Info.plist; sourceTree = "<group>"; };
/* End PBXFileReference section */

/* Begin PBXFrameworksBuildPhase section */
		D196EF622782B78400CAC484 /* Frameworks */ = {
			isa = PBXFrameworksBuildPhase;
			buildActionMask = 2147483647;
			files = (
			);
			runOnlyForDeploymentPostprocessing = 0;
		};
		D196EF782782B78C00CAC484 /* Frameworks */ = {
			isa = PBXFrameworksBuildPhase;
			buildActionMask = 2147483647;
			files = (
			);
			runOnlyForDeploymentPostprocessing = 0;
		};
		D196EF832782B78C00CAC484 /* Frameworks */ = {
			isa = PBXFrameworksBuildPhase;
			buildActionMask = 2147483647;
			files = (
			);
			runOnlyForDeploymentPostprocessing = 0;
		};
/* End PBXFrameworksBuildPhase section */

/* Begin PBXGroup section */
		D196EF5C2782B78400CAC484 = {
			isa = PBXGroup;
			children = (
				D196EF672782B78400CAC484 /* Prework */,
				D196EF7E2782B78C00CAC484 /* PreworkTests */,
				D196EF892782B78C00CAC484 /* PreworkUITests */,
				D196EF662782B78400CAC484 /* Products */,
			);
			sourceTree = "<group>";
		};
		D196EF662782B78400CAC484 /* Products */ = {
			isa = PBXGroup;
			children = (
				D196EF652782B78400CAC484 /* Prework.app */,
				D196EF7B2782B78C00CAC484 /* PreworkTests.xctest */,
				D196EF862782B78C00CAC484 /* PreworkUITests.xctest */,
			);
			name = Products;
			sourceTree = "<group>";
		};
		D196EF672782B78400CAC484 /* Prework */ = {
			isa = PBXGroup;
			children = (
				D196EF682782B78400CAC484 /* AppDelegate.swift */,
				D196EF6A2782B78400CAC484 /* SceneDelegate.swift */,
				D196EF6C2782B78400CAC484 /* ViewController.swift */,
				D196EF6E2782B78400CAC484 /* Main.storyboard */,
				D196EF712782B78B00CAC484 /* Assets.xcassets */,
				D196EF732782B78B00CAC484 /* LaunchScreen.storyboard */,
				D196EF762782B78B00CAC484 /* Info.plist */,
			);
			path = Prework;
			sourceTree = "<group>";
		};
		D196EF7E2782B78C00CAC484 /* PreworkTests */ = {
			isa = PBXGroup;
			children = (
				D196EF7F2782B78C00CAC484 /* PreworkTests.swift */,
				D196EF812782B78C00CAC484 /* Info.plist */,
			);
			path = PreworkTests;
			sourceTree = "<group>";
		};
		D196EF892782B78C00CAC484 /* PreworkUITests */ = {
			isa = PBXGroup;
			children = (
				D196EF8A2782B78C00CAC484 /* PreworkUITests.swift */,
				D196EF8C2782B78C00CAC484 /* Info.plist */,
			);
			path = PreworkUITests;
			sourceTree = "<group>";
		};
/* End PBXGroup section */

/* Begin PBXNativeTarget section */
		D196EF642782B78400CAC484 /* Prework */ = {
			isa = PBXNativeTarget;
			buildConfigurationList = D196EF8F2782B78C00CAC484 /* Build configuration list for PBXNativeTarget "Prework" */;
			buildPhases = (
				D196EF612782B78400CAC484 /* Sources */,
				D196EF622782B78400CAC484 /* Frameworks */,
				D196EF632782B78400CAC484 /* Resources */,
			);
			buildRules = (
			);
			dependencies = (
			);
			name = Prework;
			productName = Prework;
			productReference = D196EF652782B78400CAC484 /* Prework.app */;
			productType = "com.apple.product-type.application";
		};
		D196EF7A2782B78C00CAC484 /* PreworkTests */ = {
			isa = PBXNativeTarget;
			buildConfigurationList = D196EF922782B78C00CAC484 /* Build configuration list for PBXNativeTarget "PreworkTests" */;
			buildPhases = (
				D196EF772782B78C00CAC484 /* Sources */,
				D196EF782782B78C00CAC484 /* Frameworks */,
				D196EF792782B78C00CAC484 /* Resources */,
			);
			buildRules = (
			);
			dependencies = (
				D196EF7D2782B78C00CAC484 /* PBXTargetDependency */,
			);
			name = PreworkTests;
			productName = PreworkTests;
			productReference = D196EF7B2782B78C00CAC484 /* PreworkTests.xctest */;
			productType = "com.apple.product-type.bundle.unit-test";
		};
		D196EF852782B78C00CAC484 /* PreworkUITests */ = {
			isa = PBXNativeTarget;
			buildConfigurationList = D196EF952782B78C00CAC484 /* Build configuration list for PBXNativeTarget "PreworkUITests" */;
			buildPhases = (
				D196EF822782B78C00CAC484 /* Sources */,
				D196EF832782B78C00CAC484 /* Frameworks */,
				D196EF842782B78C00CAC484 /* Resources */,
			);
			buildRules = (
			);
			dependencies = (
				D196EF882782B78C00CAC484 /* PBXTargetDependency */,
			);
			name = PreworkUITests;
			productName = PreworkUITests;
			productReference = D196EF862782B78C00CAC484 /* PreworkUITests.xctest */;
			productType = "com.apple.product-type.bundle.ui-testing";
		};
/* End PBXNativeTarget section */

/* Begin PBXProject section */
		D196EF5D2782B78400CAC484 /* Project object */ = {
			isa = PBXProject;
			attributes = {
				LastSwiftUpdateCheck = 1240;
				LastUpgradeCheck = 1240;
				TargetAttributes = {
					D196EF642782B78400CAC484 = {
						CreatedOnToolsVersion = 12.4;
					};
					D196EF7A2782B78C00CAC484 = {
						CreatedOnToolsVersion = 12.4;
						TestTargetID = D196EF642782B78400CAC484;
					};
					D196EF852782B78C00CAC484 = {
						CreatedOnToolsVersion = 12.4;
						TestTargetID = D196EF642782B78400CAC484;
					};
				};
			};
			buildConfigurationList = D196EF602782B78400CAC484 /* Build configuration list for PBXProject "Prework" */;
			compatibilityVersion = "Xcode 9.3";
			developmentRegion = en;
			hasScannedForEncodings = 0;
			knownRegions = (
				en,
				Base,
			);
			mainGroup = D196EF5C2782B78400CAC484;
			productRefGroup = D196EF662782B78400CAC484 /* Products */;
			projectDirPath = "";
			projectRoot = "";
			targets = (
				D196EF642782B78400CAC484 /* Prework */,
				D196EF7A2782B78C00CAC484 /* PreworkTests */,
				D196EF852782B78C00CAC484 /* PreworkUITests */,
			);
		};
/* End PBXProject section */

/* Begin PBXResourcesBuildPhase section */
		D196EF632782B78400CAC484 /* Resources */ = {
			isa = PBXResourcesBuildPhase;
			buildActionMask = 2147483647;
			files = (
				D196EF752782B78B00CAC484 /* LaunchScreen.storyboard in Resources */,
				D196EF722782B78B00CAC484 /* Assets.xcassets in Resources */,
				D196EF702782B78400CAC484 /* Main.storyboard in Resources */,
			);
			runOnlyForDeploymentPostprocessing = 0;
		};
		D196EF792782B78C00CAC484 /* Resources */ = {
			isa = PBXResourcesBuildPhase;
			buildActionMask = 2147483647;
			files = (
			);
			runOnlyForDeploymentPostprocessing = 0;
		};
		D196EF842782B78C00CAC484 /* Resources */ = {
			isa = PBXResourcesBuildPhase;
			buildActionMask = 2147483647;
			files = (
			);
			runOnlyForDeploymentPostprocessing = 0;
		};
/* End PBXResourcesBuildPhase section */

/* Begin PBXSourcesBuildPhase section */
		D196EF612782B78400CAC484 /* Sources */ = {
			isa = PBXSourcesBuildPhase;
			buildActionMask = 2147483647;
			files = (
				D196EF6D2782B78400CAC484 /* ViewController.swift in Sources */,
				D196EF692782B78400CAC484 /* AppDelegate.swift in Sources */,
				D196EF6B2782B78400CAC484 /* SceneDelegate.swift in Sources */,
			);
			runOnlyForDeploymentPostprocessing = 0;
		};
		D196EF772782B78C00CAC484 /* Sources */ = {
			isa = PBXSourcesBuildPhase;
			buildActionMask = 2147483647;
			files = (
				D196EF802782B78C00CAC484 /* PreworkTests.swift in Sources */,
			);
			runOnlyForDeploymentPostprocessing = 0;
		};
		D196EF822782B78C00CAC484 /* Sources */ = {
			isa = PBXSourcesBuildPhase;
			buildActionMask = 2147483647;
			files = (
				D196EF8B2782B78C00CAC484 /* PreworkUITests.swift in Sources */,
			);
			runOnlyForDeploymentPostprocessing = 0;
		};
/* End PBXSourcesBuildPhase section */

/* Begin PBXTargetDependency section */
		D196EF7D2782B78C00CAC484 /* PBXTargetDependency */ = {
			isa = PBXTargetDependency;
			target = D196EF642782B78400CAC484 /* Prework */;
			targetProxy = D196EF7C2782B78C00CAC484 /* PBXContainerItemProxy */;
		};
		D196EF882782B78C00CAC484 /* PBXTargetDependency */ = {
			isa = PBXTargetDependency;
			target = D196EF642782B78400CAC484 /* Prework */;
			targetProxy = D196EF872782B78C00CAC484 /* PBXContainerItemProxy */;
		};
/* End PBXTargetDependency section */

/* Begin PBXVariantGroup section */
		D196EF6E2782B78400CAC484 /* Main.storyboard */ = {
			isa = PBXVariantGroup;
			children = (
				D196EF6F2782B78400CAC484 /* Base */,
			);
			name = Main.storyboard;
			sourceTree = "<group>";
		};
		D196EF732782B78B00CAC484 /* LaunchScreen.storyboard */ = {
			isa = PBXVariantGroup;
			children = (
				D196EF742782B78B00CAC484 /* Base */,
			);
			name = LaunchScreen.storyboard;
			sourceTree = "<group>";
		};
/* End PBXVariantGroup section */

/* Begin XCBuildConfiguration section */
		D196EF8D2782B78C00CAC484 /* Debug */ = {
			isa = XCBuildConfiguration;
			buildSettings = {
				ALWAYS_SEARCH_USER_PATHS = NO;
				CLANG_ANALYZER_NONNULL = YES;
				CLANG_ANALYZER_NUMBER_OBJECT_CONVERSION = YES_AGGRESSIVE;
				CLANG_CXX_LANGUAGE_STANDARD = "gnu++14";
				CLANG_CXX_LIBRARY = "libc++";
				CLANG_ENABLE_MODULES = YES;
				CLANG_ENABLE_OBJC_ARC = YES;
				CLANG_ENABLE_OBJC_WEAK = YES;
				CLANG_WARN_BLOCK_CAPTURE_AUTORELEASING = YES;
				CLANG_WARN_BOOL_CONVERSION = YES;
				CLANG_WARN_COMMA = YES;
				CLANG_WARN_CONSTANT_CONVERSION = YES;
				CLANG_WARN_DEPRECATED_OBJC_IMPLEMENTATIONS = YES;
				CLANG_WARN_DIRECT_OBJC_ISA_USAGE = YES_ERROR;
				CLANG_WARN_DOCUMENTATION_COMMENTS = YES;
				CLANG_WARN_EMPTY_BODY = YES;
				CLANG_WARN_ENUM_CONVERSION = YES;
				CLANG_WARN_INFINITE_RECURSION = YES;
				CLANG_WARN_INT_CONVERSION = YES;
				CLANG_WARN_NON_LITERAL_NULL_CONVERSION = YES;
				CLANG_WARN_OBJC_IMPLICIT_RETAIN_SELF = YES;
				CLANG_WARN_OBJC_LITERAL_CONVERSION = YES;
				CLANG_WARN_OBJC_ROOT_CLASS = YES_ERROR;
				CLANG_WARN_QUOTED_INCLUDE_IN_FRAMEWORK_HEADER = YES;
				CLANG_WARN_RANGE_LOOP_ANALYSIS = YES;
				CLANG_WARN_STRICT_PROTOTYPES = YES;
				CLANG_WARN_SUSPICIOUS_MOVE = YES;
				CLANG_WARN_UNGUARDED_AVAILABILITY = YES_AGGRESSIVE;
				CLANG_WARN_UNREACHABLE_CODE = YES;
				CLANG_WARN__DUPLICATE_METHOD_MATCH = YES;
				COPY_PHASE_STRIP = NO;
				DEBUG_INFORMATION_FORMAT = dwarf;
				ENABLE_STRICT_OBJC_MSGSEND = YES;
				ENABLE_TESTABILITY = YES;
				GCC_C_LANGUAGE_STANDARD = gnu11;
				GCC_DYNAMIC_NO_PIC = NO;
				GCC_NO_COMMON_BLOCKS = YES;
				GCC_OPTIMIZATION_LEVEL = 0;
				GCC_PREPROCESSOR_DEFINITIONS = (
					"DEBUG=1",
					"$(inherited)",
				);
				GCC_WARN_64_TO_32_BIT_CONVERSION = YES;
				GCC_WARN_ABOUT_RETURN_TYPE = YES_ERROR;
				GCC_WARN_UNDECLARED_SELECTOR = YES;
				GCC_WARN_UNINITIALIZED_AUTOS = YES_AGGRESSIVE;
				GCC_WARN_UNUSED_FUNCTION = YES;
				GCC_WARN_UNUSED_VARIABLE = YES;
				IPHONEOS_DEPLOYMENT_TARGET = 14.4;
				MTL_ENABLE_DEBUG_INFO = INCLUDE_SOURCE;
				MTL_FAST_MATH = YES;
				ONLY_ACTIVE_ARCH = YES;
				SDKROOT = iphoneos;
				SWIFT_ACTIVE_COMPILATION_CONDITIONS = DEBUG;
				SWIFT_OPTIMIZATION_LEVEL = "-Onone";
			};
			name = Debug;
		};
		D196EF8E2782B78C00CAC484 /* Release */ = {
			isa = XCBuildConfiguration;
			buildSettings = {
				ALWAYS_SEARCH_USER_PATHS = NO;
				CLANG_ANALYZER_NONNULL = YES;
				CLANG_ANALYZER_NUMBER_OBJECT_CONVERSION = YES_AGGRESSIVE;
				CLANG_CXX_LANGUAGE_STANDARD = "gnu++14";
				CLANG_CXX_LIBRARY = "libc++";
				CLANG_ENABLE_MODULES = YES;
				CLANG_ENABLE_OBJC_ARC = YES;
				CLANG_ENABLE_OBJC_WEAK = YES;
				CLANG_WARN_BLOCK_CAPTURE_AUTORELEASING = YES;
				CLANG_WARN_BOOL_CONVERSION = YES;
				CLANG_WARN_COMMA = YES;
				CLANG_WARN_CONSTANT_CONVERSION = YES;
				CLANG_WARN_DEPRECATED_OBJC_IMPLEMENTATIONS = YES;
				CLANG_WARN_DIRECT_OBJC_ISA_USAGE = YES_ERROR;
				CLANG_WARN_DOCUMENTATION_COMMENTS = YES;
				CLANG_WARN_EMPTY_BODY = YES;
				CLANG_WARN_ENUM_CONVERSION = YES;
				CLANG_WARN_INFINITE_RECURSION = YES;
				CLANG_WARN_INT_CONVERSION = YES;
				CLANG_WARN_NON_LITERAL_NULL_CONVERSION = YES;
				CLANG_WARN_OBJC_IMPLICIT_RETAIN_SELF = YES;
				CLANG_WARN_OBJC_LITERAL_CONVERSION = YES;
				CLANG_WARN_OBJC_ROOT_CLASS = YES_ERROR;
				CLANG_WARN_QUOTED_INCLUDE_IN_FRAMEWORK_HEADER = YES;
				CLANG_WARN_RANGE_LOOP_ANALYSIS = YES;
				CLANG_WARN_STRICT_PROTOTYPES = YES;
				CLANG_WARN_SUSPICIOUS_MOVE = YES;
				CLANG_WARN_UNGUARDED_AVAILABILITY = YES_AGGRESSIVE;
				CLANG_WARN_UNREACHABLE_CODE = YES;
				CLANG_WARN__DUPLICATE_METHOD_MATCH = YES;
				COPY_PHASE_STRIP = NO;
				DEBUG_INFORMATION_FORMAT = "dwarf-with-dsym";
				ENABLE_NS_ASSERTIONS = NO;
				ENABLE_STRICT_OBJC_MSGSEND = YES;
				GCC_C_LANGUAGE_STANDARD = gnu11;
				GCC_NO_COMMON_BLOCKS = YES;
				GCC_WARN_64_TO_32_BIT_CONVERSION = YES;
				GCC_WARN_ABOUT_RETURN_TYPE = YES_ERROR;
				GCC_WARN_UNDECLARED_SELECTOR = YES;
				GCC_WARN_UNINITIALIZED_AUTOS = YES_AGGRESSIVE;
				GCC_WARN_UNUSED_FUNCTION = YES;
				GCC_WARN_UNUSED_VARIABLE = YES;
				IPHONEOS_DEPLOYMENT_TARGET = 14.4;
				MTL_ENABLE_DEBUG_INFO = NO;
				MTL_FAST_MATH = YES;
				SDKROOT = iphoneos;
				SWIFT_COMPILATION_MODE = wholemodule;
				SWIFT_OPTIMIZATION_LEVEL = "-O";
				VALIDATE_PRODUCT = YES;
			};
			name = Release;
		};
		D196EF902782B78C00CAC484 /* Debug */ = {
			isa = XCBuildConfiguration;
			buildSettings = {
				ASSETCATALOG_COMPILER_APPICON_NAME = AppIcon;
				ASSETCATALOG_COMPILER_GLOBAL_ACCENT_COLOR_NAME = AccentColor;
				CODE_SIGN_STYLE = Automatic;
				INFOPLIST_FILE = Prework/Info.plist;
				LD_RUNPATH_SEARCH_PATHS = (
					"$(inherited)",
					"@executable_path/Frameworks",
				);
				PRODUCT_BUNDLE_IDENTIFIER = memo.com.Prework;
				PRODUCT_NAME = "$(TARGET_NAME)";
				SWIFT_VERSION = 5.0;
				TARGETED_DEVICE_FAMILY = "1,2";
			};
			name = Debug;
		};
		D196EF912782B78C00CAC484 /* Release */ = {
			isa = XCBuildConfiguration;
			buildSettings = {
				ASSETCATALOG_COMPILER_APPICON_NAME = AppIcon;
				ASSETCATALOG_COMPILER_GLOBAL_ACCENT_COLOR_NAME = AccentColor;
				CODE_SIGN_STYLE = Automatic;
				INFOPLIST_FILE = Prework/Info.plist;
				LD_RUNPATH_SEARCH_PATHS = (
					"$(inherited)",
					"@executable_path/Frameworks",
				);
				PRODUCT_BUNDLE_IDENTIFIER = memo.com.Prework;
				PRODUCT_NAME = "$(TARGET_NAME)";
				SWIFT_VERSION = 5.0;
				TARGETED_DEVICE_FAMILY = "1,2";
			};
			name = Release;
		};
		D196EF932782B78C00CAC484 /* Debug */ = {
			isa = XCBuildConfiguration;
			buildSettings = {
				ALWAYS_EMBED_SWIFT_STANDARD_LIBRARIES = YES;
				BUNDLE_LOADER = "$(TEST_HOST)";
				CODE_SIGN_STYLE = Automatic;
				INFOPLIST_FILE = PreworkTests/Info.plist;
				IPHONEOS_DEPLOYMENT_TARGET = 14.4;
				LD_RUNPATH_SEARCH_PATHS = (
					"$(inherited)",
					"@executable_path/Frameworks",
					"@loader_path/Frameworks",
				);
				PRODUCT_BUNDLE_IDENTIFIER = memo.com.PreworkTests;
				PRODUCT_NAME = "$(TARGET_NAME)";
				SWIFT_VERSION = 5.0;
				TARGETED_DEVICE_FAMILY = "1,2";
				TEST_HOST = "$(BUILT_PRODUCTS_DIR)/Prework.app/Prework";
			};
			name = Debug;
		};
		D196EF942782B78C00CAC484 /* Release */ = {
			isa = XCBuildConfiguration;
			buildSettings = {
				ALWAYS_EMBED_SWIFT_STANDARD_LIBRARIES = YES;
				BUNDLE_LOADER = "$(TEST_HOST)";
				CODE_SIGN_STYLE = Automatic;
				INFOPLIST_FILE = PreworkTests/Info.plist;
				IPHONEOS_DEPLOYMENT_TARGET = 14.4;
				LD_RUNPATH_SEARCH_PATHS = (
					"$(inherited)",
					"@executable_path/Frameworks",
					"@loader_path/Frameworks",
				);
				PRODUCT_BUNDLE_IDENTIFIER = memo.com.PreworkTests;
				PRODUCT_NAME = "$(TARGET_NAME)";
				SWIFT_VERSION = 5.0;
				TARGETED_DEVICE_FAMILY = "1,2";
				TEST_HOST = "$(BUILT_PRODUCTS_DIR)/Prework.app/Prework";
			};
			name = Release;
		};
		D196EF962782B78C00CAC484 /* Debug */ = {
			isa = XCBuildConfiguration;
			buildSettings = {
				ALWAYS_EMBED_SWIFT_STANDARD_LIBRARIES = YES;
				CODE_SIGN_STYLE = Automatic;
				INFOPLIST_FILE = PreworkUITests/Info.plist;
				LD_RUNPATH_SEARCH_PATHS = (
					"$(inherited)",
					"@executable_path/Frameworks",
					"@loader_path/Frameworks",
				);
				PRODUCT_BUNDLE_IDENTIFIER = memo.com.PreworkUITests;
				PRODUCT_NAME = "$(TARGET_NAME)";
				SWIFT_VERSION = 5.0;
				TARGETED_DEVICE_FAMILY = "1,2";
				TEST_TARGET_NAME = Prework;
			};
			name = Debug;
		};
		D196EF972782B78C00CAC484 /* Release */ = {
			isa = XCBuildConfiguration;
			buildSettings = {
				ALWAYS_EMBED_SWIFT_STANDARD_LIBRARIES = YES;
				CODE_SIGN_STYLE = Automatic;
				INFOPLIST_FILE = PreworkUITests/Info.plist;
				LD_RUNPATH_SEARCH_PATHS = (
					"$(inherited)",
					"@executable_path/Frameworks",
					"@loader_path/Frameworks",
				);
				PRODUCT_BUNDLE_IDENTIFIER = memo.com.PreworkUITests;
				PRODUCT_NAME = "$(TARGET_NAME)";
				SWIFT_VERSION = 5.0;
				TARGETED_DEVICE_FAMILY = "1,2";
				TEST_TARGET_NAME = Prework;
			};
			name = Release;
		};
/* End XCBuildConfiguration section */

/* Begin XCConfigurationList section */
		D196EF602782B78400CAC484 /* Build configuration list for PBXProject "Prework" */ = {
			isa = XCConfigurationList;
			buildConfigurations = (
				D196EF8D2782B78C00CAC484 /* Debug */,
				D196EF8E2782B78C00CAC484 /* Release */,
			);
			defaultConfigurationIsVisible = 0;
			defaultConfigurationName = Release;
		};
		D196EF8F2782B78C00CAC484 /* Build configuration list for PBXNativeTarget "Prework" */ = {
			isa = XCConfigurationList;
			buildConfigurations = (
				D196EF902782B78C00CAC484 /* Debug */,
				D196EF912782B78C00CAC484 /* Release */,
			);
			defaultConfigurationIsVisible = 0;
			defaultConfigurationName = Release;
		};
		D196EF922782B78C00CAC484 /* Build configuration list for PBXNativeTarget "PreworkTests" */ = {
			isa = XCConfigurationList;
			buildConfigurations = (
				D196EF932782B78C00CAC484 /* Debug */,
				D196EF942782B78C00CAC484 /* Release */,
			);
			defaultConfigurationIsVisible = 0;
			defaultConfigurationName = Release;
		};
		D196EF952782B78C00CAC484 /* Build configuration list for PBXNativeTarget "PreworkUITests" */ = {
			isa = XCConfigurationList;
			buildConfigurations = (
				D196EF962782B78C00CAC484 /* Debug */,
				D196EF972782B78C00CAC484 /* Release */,
			);
			defaultConfigurationIsVisible = 0;
			defaultConfigurationName = Release;
		};
/* End XCConfigurationList section */
	};
	rootObject = D196EF5D2782B78400CAC484 /* Project object */;
}
